
Microsoft Visual Studio Solution File, Format Version 11.00
# Visual Studio 2010
Project("{FAE04EC0-301F-11D3-BF4B-00C04F79EFBC}") = "DelegateClass", "DelegateClass\DelegateClass.csproj", "{A1A4A072-5D06-4462-B2A4-5A284AFE6281}"
EndProject
Global
	GlobalSection(SolutionConfigurationPlatforms) = preSolution
		Debug|x86 = Debug|x86
		Release|x86 = Release|x86
	EndGlobalSection
	GlobalSection(ProjectConfigurationPlatforms) = postSolution
		{A1A4A072-5D06-4462-B2A4-5A284AFE6281}.Debug|x86.ActiveCfg = Debug|x86
		{A1A4A072-5D06-4462-B2A4-5A284AFE6281}.Debug|x86.Build.0 = Debug|x86
		{A1A4A072-5D06-4462-B2A4-5A284AFE6281}.Release|x86.ActiveCfg = Release|x86
		{A1A4A072-5D06-4462-B2A4-5A284AFE6281}.Release|x86.Build.0 = Release|x86
	EndGlobalSection
	GlobalSection(SolutionProperties) = preSolution
		HideSolutionNode = FALSE
	EndGlobalSection
EndGlobal
