
Microsoft Visual Studio Solution File, Format Version 11.00
# Visual Studio 2010
Project("{FAE04EC0-301F-11D3-BF4B-00C04F79EFBC}") = "TimerEvents", "TimerEvents\TimerEvents.csproj", "{060D93DE-2AFD-4D2E-AEBE-E4B1719A8AF1}"
EndProject
Global
	GlobalSection(SolutionConfigurationPlatforms) = preSolution
		Debug|x86 = Debug|x86
		Release|x86 = Release|x86
	EndGlobalSection
	GlobalSection(ProjectConfigurationPlatforms) = postSolution
		{060D93DE-2AFD-4D2E-AEBE-E4B1719A8AF1}.Debug|x86.ActiveCfg = Debug|x86
		{060D93DE-2AFD-4D2E-AEBE-E4B1719A8AF1}.Debug|x86.Build.0 = Debug|x86
		{060D93DE-2AFD-4D2E-AEBE-E4B1719A8AF1}.Release|x86.ActiveCfg = Release|x86
		{060D93DE-2AFD-4D2E-AEBE-E4B1719A8AF1}.Release|x86.Build.0 = Release|x86
	EndGlobalSection
	GlobalSection(SolutionProperties) = preSolution
		HideSolutionNode = FALSE
	EndGlobalSection
EndGlobal
