
Microsoft Visual Studio Solution File, Format Version 11.00
# Visual Studio 2010
Project("{FAE04EC0-301F-11D3-BF4B-00C04F79EFBC}") = "WindowsAuthenticationDemo", "WindowsAuthenticationDemo\WindowsAuthenticationDemo.csproj", "{0D84468E-DDDB-41E9-837A-95F4042AD2EF}"
EndProject
Global
	GlobalSection(SolutionConfigurationPlatforms) = preSolution
		Debug|Any CPU = Debug|Any CPU
		Release|Any CPU = Release|Any CPU
	EndGlobalSection
	GlobalSection(ProjectConfigurationPlatforms) = postSolution
		{0D84468E-DDDB-41E9-837A-95F4042AD2EF}.Debug|Any CPU.ActiveCfg = Debug|Any CPU
		{0D84468E-DDDB-41E9-837A-95F4042AD2EF}.Debug|Any CPU.Build.0 = Debug|Any CPU
		{0D84468E-DDDB-41E9-837A-95F4042AD2EF}.Release|Any CPU.ActiveCfg = Release|Any CPU
		{0D84468E-DDDB-41E9-837A-95F4042AD2EF}.Release|Any CPU.Build.0 = Release|Any CPU
	EndGlobalSection
	GlobalSection(SolutionProperties) = preSolution
		HideSolutionNode = FALSE
	EndGlobalSection
EndGlobal
