
Microsoft Visual Studio Solution File, Format Version 10.00
# Visual Studio 2008
Project("{FAE04EC0-301F-11D3-BF4B-00C04F79EFBC}") = "HostEvidenceForAssembly", "HostEvidenceForAssembly\HostEvidenceForAssembly.csproj", "{D87C9BD7-3582-43DD-8096-3DA7BA9D1373}"
EndProject
Project("{FAE04EC0-301F-11D3-BF4B-00C04F79EFBC}") = "SecondAssembly", "SecondAssembly\SecondAssembly.csproj", "{69EED259-3013-4692-AEC6-75F699A3E514}"
EndProject
Global
	GlobalSection(SolutionConfigurationPlatforms) = preSolution
		Debug|Any CPU = Debug|Any CPU
		Release|Any CPU = Release|Any CPU
	EndGlobalSection
	GlobalSection(ProjectConfigurationPlatforms) = postSolution
		{D87C9BD7-3582-43DD-8096-3DA7BA9D1373}.Debug|Any CPU.ActiveCfg = Debug|Any CPU
		{D87C9BD7-3582-43DD-8096-3DA7BA9D1373}.Debug|Any CPU.Build.0 = Debug|Any CPU
		{D87C9BD7-3582-43DD-8096-3DA7BA9D1373}.Release|Any CPU.ActiveCfg = Release|Any CPU
		{D87C9BD7-3582-43DD-8096-3DA7BA9D1373}.Release|Any CPU.Build.0 = Release|Any CPU
		{69EED259-3013-4692-AEC6-75F699A3E514}.Debug|Any CPU.ActiveCfg = Debug|Any CPU
		{69EED259-3013-4692-AEC6-75F699A3E514}.Debug|Any CPU.Build.0 = Debug|Any CPU
		{69EED259-3013-4692-AEC6-75F699A3E514}.Release|Any CPU.ActiveCfg = Release|Any CPU
		{69EED259-3013-4692-AEC6-75F699A3E514}.Release|Any CPU.Build.0 = Release|Any CPU
	EndGlobalSection
	GlobalSection(SolutionProperties) = preSolution
		HideSolutionNode = FALSE
	EndGlobalSection
EndGlobal
