
Microsoft Visual Studio Solution File, Format Version 10.00
# Visual Studio 2008
Project("{FAE04EC0-301F-11D3-BF4B-00C04F79EFBC}") = "Model", "Model\Model.csproj", "{6B264249-B609-400C-A647-2F95B61C4899}"
EndProject
Project("{FAE04EC0-301F-11D3-BF4B-00C04F79EFBC}") = "SqlExamples", "SqlExamples\SqlExamples.csproj", "{06AA2E42-020F-400D-80DE-ECAECDAD2CD3}"
EndProject
Project("{FAE04EC0-301F-11D3-BF4B-00C04F79EFBC}") = "QueryableDemo", "QueryableDemo\QueryableDemo.csproj", "{CA366C05-9D68-4BA7-9910-381CC94A461A}"
EndProject
Project("{FAE04EC0-301F-11D3-BF4B-00C04F79EFBC}") = "XmlExamples", "XmlExamples\XmlExamples.csproj", "{3E37D1A2-633B-46ED-ADEC-F0AA4C0ED007}"
EndProject
Project("{FAE04EC0-301F-11D3-BF4B-00C04F79EFBC}") = "EntityFramework", "EntityFramework\EntityFramework.csproj", "{F1C83E0A-5E6B-4551-9B09-FB27D83B2E54}"
EndProject
Project("{FAE04EC0-301F-11D3-BF4B-00C04F79EFBC}") = "RandomExtension", "RandomExtension\RandomExtension.csproj", "{8C5E2D81-0567-447F-A98C-31AD615964CB}"
EndProject
Global
	GlobalSection(SolutionConfigurationPlatforms) = preSolution
		Debug|Any CPU = Debug|Any CPU
		Debug|Mixed Platforms = Debug|Mixed Platforms
		Debug|x86 = Debug|x86
		Release|Any CPU = Release|Any CPU
		Release|Mixed Platforms = Release|Mixed Platforms
		Release|x86 = Release|x86
	EndGlobalSection
	GlobalSection(ProjectConfigurationPlatforms) = postSolution
		{6B264249-B609-400C-A647-2F95B61C4899}.Debug|Any CPU.ActiveCfg = Debug|Any CPU
		{6B264249-B609-400C-A647-2F95B61C4899}.Debug|Any CPU.Build.0 = Debug|Any CPU
		{6B264249-B609-400C-A647-2F95B61C4899}.Debug|Mixed Platforms.ActiveCfg = Debug|Any CPU
		{6B264249-B609-400C-A647-2F95B61C4899}.Debug|Mixed Platforms.Build.0 = Debug|Any CPU
		{6B264249-B609-400C-A647-2F95B61C4899}.Debug|x86.ActiveCfg = Debug|Any CPU
		{6B264249-B609-400C-A647-2F95B61C4899}.Release|Any CPU.ActiveCfg = Release|Any CPU
		{6B264249-B609-400C-A647-2F95B61C4899}.Release|Any CPU.Build.0 = Release|Any CPU
		{6B264249-B609-400C-A647-2F95B61C4899}.Release|Mixed Platforms.ActiveCfg = Release|Any CPU
		{6B264249-B609-400C-A647-2F95B61C4899}.Release|Mixed Platforms.Build.0 = Release|Any CPU
		{6B264249-B609-400C-A647-2F95B61C4899}.Release|x86.ActiveCfg = Release|Any CPU
		{06AA2E42-020F-400D-80DE-ECAECDAD2CD3}.Debug|Any CPU.ActiveCfg = Debug|Any CPU
		{06AA2E42-020F-400D-80DE-ECAECDAD2CD3}.Debug|Any CPU.Build.0 = Debug|Any CPU
		{06AA2E42-020F-400D-80DE-ECAECDAD2CD3}.Debug|Mixed Platforms.ActiveCfg = Debug|Any CPU
		{06AA2E42-020F-400D-80DE-ECAECDAD2CD3}.Debug|Mixed Platforms.Build.0 = Debug|Any CPU
		{06AA2E42-020F-400D-80DE-ECAECDAD2CD3}.Debug|x86.ActiveCfg = Debug|Any CPU
		{06AA2E42-020F-400D-80DE-ECAECDAD2CD3}.Release|Any CPU.ActiveCfg = Release|Any CPU
		{06AA2E42-020F-400D-80DE-ECAECDAD2CD3}.Release|Any CPU.Build.0 = Release|Any CPU
		{06AA2E42-020F-400D-80DE-ECAECDAD2CD3}.Release|Mixed Platforms.ActiveCfg = Release|Any CPU
		{06AA2E42-020F-400D-80DE-ECAECDAD2CD3}.Release|Mixed Platforms.Build.0 = Release|Any CPU
		{06AA2E42-020F-400D-80DE-ECAECDAD2CD3}.Release|x86.ActiveCfg = Release|Any CPU
		{CA366C05-9D68-4BA7-9910-381CC94A461A}.Debug|Any CPU.ActiveCfg = Debug|Any CPU
		{CA366C05-9D68-4BA7-9910-381CC94A461A}.Debug|Any CPU.Build.0 = Debug|Any CPU
		{CA366C05-9D68-4BA7-9910-381CC94A461A}.Debug|Mixed Platforms.ActiveCfg = Debug|Any CPU
		{CA366C05-9D68-4BA7-9910-381CC94A461A}.Debug|Mixed Platforms.Build.0 = Debug|Any CPU
		{CA366C05-9D68-4BA7-9910-381CC94A461A}.Debug|x86.ActiveCfg = Debug|Any CPU
		{CA366C05-9D68-4BA7-9910-381CC94A461A}.Release|Any CPU.ActiveCfg = Release|Any CPU
		{CA366C05-9D68-4BA7-9910-381CC94A461A}.Release|Any CPU.Build.0 = Release|Any CPU
		{CA366C05-9D68-4BA7-9910-381CC94A461A}.Release|Mixed Platforms.ActiveCfg = Release|Any CPU
		{CA366C05-9D68-4BA7-9910-381CC94A461A}.Release|Mixed Platforms.Build.0 = Release|Any CPU
		{CA366C05-9D68-4BA7-9910-381CC94A461A}.Release|x86.ActiveCfg = Release|Any CPU
		{3E37D1A2-633B-46ED-ADEC-F0AA4C0ED007}.Debug|Any CPU.ActiveCfg = Debug|Any CPU
		{3E37D1A2-633B-46ED-ADEC-F0AA4C0ED007}.Debug|Any CPU.Build.0 = Debug|Any CPU
		{3E37D1A2-633B-46ED-ADEC-F0AA4C0ED007}.Debug|Mixed Platforms.ActiveCfg = Debug|Any CPU
		{3E37D1A2-633B-46ED-ADEC-F0AA4C0ED007}.Debug|Mixed Platforms.Build.0 = Debug|Any CPU
		{3E37D1A2-633B-46ED-ADEC-F0AA4C0ED007}.Debug|x86.ActiveCfg = Debug|Any CPU
		{3E37D1A2-633B-46ED-ADEC-F0AA4C0ED007}.Release|Any CPU.ActiveCfg = Release|Any CPU
		{3E37D1A2-633B-46ED-ADEC-F0AA4C0ED007}.Release|Any CPU.Build.0 = Release|Any CPU
		{3E37D1A2-633B-46ED-ADEC-F0AA4C0ED007}.Release|Mixed Platforms.ActiveCfg = Release|Any CPU
		{3E37D1A2-633B-46ED-ADEC-F0AA4C0ED007}.Release|Mixed Platforms.Build.0 = Release|Any CPU
		{3E37D1A2-633B-46ED-ADEC-F0AA4C0ED007}.Release|x86.ActiveCfg = Release|Any CPU
		{F1C83E0A-5E6B-4551-9B09-FB27D83B2E54}.Debug|Any CPU.ActiveCfg = Debug|Any CPU
		{F1C83E0A-5E6B-4551-9B09-FB27D83B2E54}.Debug|Any CPU.Build.0 = Debug|Any CPU
		{F1C83E0A-5E6B-4551-9B09-FB27D83B2E54}.Debug|Mixed Platforms.ActiveCfg = Debug|Any CPU
		{F1C83E0A-5E6B-4551-9B09-FB27D83B2E54}.Debug|x86.ActiveCfg = Debug|Any CPU
		{F1C83E0A-5E6B-4551-9B09-FB27D83B2E54}.Release|Any CPU.ActiveCfg = Release|Any CPU
		{F1C83E0A-5E6B-4551-9B09-FB27D83B2E54}.Release|Any CPU.Build.0 = Release|Any CPU
		{F1C83E0A-5E6B-4551-9B09-FB27D83B2E54}.Release|Mixed Platforms.ActiveCfg = Release|Any CPU
		{F1C83E0A-5E6B-4551-9B09-FB27D83B2E54}.Release|x86.ActiveCfg = Release|Any CPU
		{8C5E2D81-0567-447F-A98C-31AD615964CB}.Debug|Any CPU.ActiveCfg = Debug|Any CPU
		{8C5E2D81-0567-447F-A98C-31AD615964CB}.Debug|Any CPU.Build.0 = Debug|Any CPU
		{8C5E2D81-0567-447F-A98C-31AD615964CB}.Debug|Mixed Platforms.ActiveCfg = Debug|Any CPU
		{8C5E2D81-0567-447F-A98C-31AD615964CB}.Debug|Mixed Platforms.Build.0 = Debug|Any CPU
		{8C5E2D81-0567-447F-A98C-31AD615964CB}.Debug|x86.ActiveCfg = Debug|Any CPU
		{8C5E2D81-0567-447F-A98C-31AD615964CB}.Release|Any CPU.ActiveCfg = Release|Any CPU
		{8C5E2D81-0567-447F-A98C-31AD615964CB}.Release|Any CPU.Build.0 = Release|Any CPU
		{8C5E2D81-0567-447F-A98C-31AD615964CB}.Release|Mixed Platforms.ActiveCfg = Release|Any CPU
		{8C5E2D81-0567-447F-A98C-31AD615964CB}.Release|Mixed Platforms.Build.0 = Release|Any CPU
		{8C5E2D81-0567-447F-A98C-31AD615964CB}.Release|x86.ActiveCfg = Release|Any CPU
	EndGlobalSection
	GlobalSection(SolutionProperties) = preSolution
		HideSolutionNode = FALSE
	EndGlobalSection
	GlobalSection(TextTemplating) = postSolution
		TextTemplating = 1
	EndGlobalSection
EndGlobal
