
Microsoft Visual Studio Solution File, Format Version 10.00
# Visual Studio 2008
Project("{FAE04EC0-301F-11D3-BF4B-00C04F79EFBC}") = "SerializeShoppingCartItem", "SerializeShoppingCartItem\SerializeShoppingCartItem.csproj", "{C3FF1DD4-B4EC-4ED1-BACD-1D72EEC68E0F}"
EndProject
Global
	GlobalSection(SolutionConfigurationPlatforms) = preSolution
		Debug|Any CPU = Debug|Any CPU
		Release|Any CPU = Release|Any CPU
	EndGlobalSection
	GlobalSection(ProjectConfigurationPlatforms) = postSolution
		{C3FF1DD4-B4EC-4ED1-BACD-1D72EEC68E0F}.Debug|Any CPU.ActiveCfg = Debug|Any CPU
		{C3FF1DD4-B4EC-4ED1-BACD-1D72EEC68E0F}.Debug|Any CPU.Build.0 = Debug|Any CPU
		{C3FF1DD4-B4EC-4ED1-BACD-1D72EEC68E0F}.Release|Any CPU.ActiveCfg = Release|Any CPU
		{C3FF1DD4-B4EC-4ED1-BACD-1D72EEC68E0F}.Release|Any CPU.Build.0 = Release|Any CPU
	EndGlobalSection
	GlobalSection(SolutionProperties) = preSolution
		HideSolutionNode = FALSE
	EndGlobalSection
EndGlobal
