
Microsoft Visual Studio Solution File, Format Version 10.00
# Visual Studio 2008
Project("{FAE04EC0-301F-11D3-BF4B-00C04F79EFBC}") = "CounterCreationDataCollection", "CounterCreationDataCollection\CounterCreationDataCollection.csproj", "{39B1E7AA-9CC6-468F-BA12-8C7569701F3A}"
EndProject
Global
	GlobalSection(SolutionConfigurationPlatforms) = preSolution
		Debug|Any CPU = Debug|Any CPU
		Release|Any CPU = Release|Any CPU
	EndGlobalSection
	GlobalSection(ProjectConfigurationPlatforms) = postSolution
		{39B1E7AA-9CC6-468F-BA12-8C7569701F3A}.Debug|Any CPU.ActiveCfg = Debug|Any CPU
		{39B1E7AA-9CC6-468F-BA12-8C7569701F3A}.Debug|Any CPU.Build.0 = Debug|Any CPU
		{39B1E7AA-9CC6-468F-BA12-8C7569701F3A}.Release|Any CPU.ActiveCfg = Release|Any CPU
		{39B1E7AA-9CC6-468F-BA12-8C7569701F3A}.Release|Any CPU.Build.0 = Release|Any CPU
	EndGlobalSection
	GlobalSection(SolutionProperties) = preSolution
		HideSolutionNode = FALSE
	EndGlobalSection
EndGlobal
