
Microsoft Visual Studio Solution File, Format Version 11.00
# Visual Studio 2010
Project("{FAE04EC0-301F-11D3-BF4B-00C04F79EFBC}") = "PrincipalPermissionExample", "PrincipalPermissionExample\PrincipalPermissionExample.csproj", "{57ABCF9B-4D29-4286-8A6D-D7E8E2E4B043}"
EndProject
Global
	GlobalSection(SolutionConfigurationPlatforms) = preSolution
		Debug|x86 = Debug|x86
		Release|x86 = Release|x86
	EndGlobalSection
	GlobalSection(ProjectConfigurationPlatforms) = postSolution
		{57ABCF9B-4D29-4286-8A6D-D7E8E2E4B043}.Debug|x86.ActiveCfg = Debug|x86
		{57ABCF9B-4D29-4286-8A6D-D7E8E2E4B043}.Debug|x86.Build.0 = Debug|x86
		{57ABCF9B-4D29-4286-8A6D-D7E8E2E4B043}.Release|x86.ActiveCfg = Release|x86
		{57ABCF9B-4D29-4286-8A6D-D7E8E2E4B043}.Release|x86.Build.0 = Release|x86
	EndGlobalSection
	GlobalSection(SolutionProperties) = preSolution
		HideSolutionNode = FALSE
	EndGlobalSection
EndGlobal
