
Microsoft Visual Studio Solution File, Format Version 10.00
# Visual Studio 2008
Project("{FAE04EC0-301F-11D3-BF4B-00C04F79EFBC}") = "EncryptionSample", "EncryptionSample\EncryptionSample.csproj", "{1DA9635D-2A0D-4939-94AD-1620E85EEEF2}"
EndProject
Global
	GlobalSection(SolutionConfigurationPlatforms) = preSolution
		Debug|Any CPU = Debug|Any CPU
		Release|Any CPU = Release|Any CPU
	EndGlobalSection
	GlobalSection(ProjectConfigurationPlatforms) = postSolution
		{1DA9635D-2A0D-4939-94AD-1620E85EEEF2}.Debug|Any CPU.ActiveCfg = Debug|Any CPU
		{1DA9635D-2A0D-4939-94AD-1620E85EEEF2}.Debug|Any CPU.Build.0 = Debug|Any CPU
		{1DA9635D-2A0D-4939-94AD-1620E85EEEF2}.Release|Any CPU.ActiveCfg = Release|Any CPU
		{1DA9635D-2A0D-4939-94AD-1620E85EEEF2}.Release|Any CPU.Build.0 = Release|Any CPU
	EndGlobalSection
	GlobalSection(SolutionProperties) = preSolution
		HideSolutionNode = FALSE
	EndGlobalSection
EndGlobal
