
Microsoft Visual Studio Solution File, Format Version 11.00
# Visual Studio 2010
Project("{FAE04EC0-301F-11D3-BF4B-00C04F79EFBC}") = "MethodBodyExampleMSDN", "MethodBodyExampleMSDN\MethodBodyExampleMSDN.csproj", "{C77117D1-45E1-452C-9DC8-84DA4F55F616}"
EndProject
Global
	GlobalSection(SolutionConfigurationPlatforms) = preSolution
		Debug|x86 = Debug|x86
		Release|x86 = Release|x86
	EndGlobalSection
	GlobalSection(ProjectConfigurationPlatforms) = postSolution
		{C77117D1-45E1-452C-9DC8-84DA4F55F616}.Debug|x86.ActiveCfg = Debug|x86
		{C77117D1-45E1-452C-9DC8-84DA4F55F616}.Debug|x86.Build.0 = Debug|x86
		{C77117D1-45E1-452C-9DC8-84DA4F55F616}.Release|x86.ActiveCfg = Release|x86
		{C77117D1-45E1-452C-9DC8-84DA4F55F616}.Release|x86.Build.0 = Release|x86
	EndGlobalSection
	GlobalSection(SolutionProperties) = preSolution
		HideSolutionNode = FALSE
	EndGlobalSection
EndGlobal
