
Microsoft Visual Studio Solution File, Format Version 11.00
# Visual Studio 2010
Project("{FAE04EC0-301F-11D3-BF4B-00C04F79EFBC}") = "TailspinSpyworks", "TailspinSpyworks\TailspinSpyworks.csproj", "{CA5E3283-E04F-474C-BD51-16F6D735E203}"
EndProject
Global
	GlobalSection(SolutionConfigurationPlatforms) = preSolution
		Debug|Any CPU = Debug|Any CPU
		Release|Any CPU = Release|Any CPU
	EndGlobalSection
	GlobalSection(ProjectConfigurationPlatforms) = postSolution
		{CA5E3283-E04F-474C-BD51-16F6D735E203}.Debug|Any CPU.ActiveCfg = Debug|Any CPU
		{CA5E3283-E04F-474C-BD51-16F6D735E203}.Debug|Any CPU.Build.0 = Debug|Any CPU
		{CA5E3283-E04F-474C-BD51-16F6D735E203}.Release|Any CPU.ActiveCfg = Release|Any CPU
		{CA5E3283-E04F-474C-BD51-16F6D735E203}.Release|Any CPU.Build.0 = Release|Any CPU
	EndGlobalSection
	GlobalSection(SolutionProperties) = preSolution
		HideSolutionNode = FALSE
	EndGlobalSection
EndGlobal
