
Microsoft Visual Studio Solution File, Format Version 11.00
# Visual Studio 2010
Project("{FAE04EC0-301F-11D3-BF4B-00C04F79EFBC}") = "ToStringOverrideNewTest", "ToStringOverrideNewTest\ToStringOverrideNewTest.csproj", "{58983D4C-38B4-455A-BE8B-F5FBF617C542}"
EndProject
Global
	GlobalSection(SolutionConfigurationPlatforms) = preSolution
		Debug|x86 = Debug|x86
		Release|x86 = Release|x86
	EndGlobalSection
	GlobalSection(ProjectConfigurationPlatforms) = postSolution
		{58983D4C-38B4-455A-BE8B-F5FBF617C542}.Debug|x86.ActiveCfg = Debug|x86
		{58983D4C-38B4-455A-BE8B-F5FBF617C542}.Debug|x86.Build.0 = Debug|x86
		{58983D4C-38B4-455A-BE8B-F5FBF617C542}.Release|x86.ActiveCfg = Release|x86
		{58983D4C-38B4-455A-BE8B-F5FBF617C542}.Release|x86.Build.0 = Release|x86
	EndGlobalSection
	GlobalSection(SolutionProperties) = preSolution
		HideSolutionNode = FALSE
	EndGlobalSection
EndGlobal
