
Microsoft Visual Studio Solution File, Format Version 10.00
# Visual Studio 2008
Project("{FAE04EC0-301F-11D3-BF4B-00C04F79EFBC}") = "Performance", "Performance\Performance.csproj", "{5E6FB7A0-409C-46F8-86A8-27A3D9857504}"
EndProject
Project("{FAE04EC0-301F-11D3-BF4B-00C04F79EFBC}") = "AppDomainHolder", "AppDomainHolder\AppDomainHolder.csproj", "{E3FF92D6-5D1C-4CD1-B8CE-EE4D98CE6BFC}"
EndProject
Global
	GlobalSection(SolutionConfigurationPlatforms) = preSolution
		Debug|Any CPU = Debug|Any CPU
		Release|Any CPU = Release|Any CPU
	EndGlobalSection
	GlobalSection(ProjectConfigurationPlatforms) = postSolution
		{5E6FB7A0-409C-46F8-86A8-27A3D9857504}.Debug|Any CPU.ActiveCfg = Debug|Any CPU
		{5E6FB7A0-409C-46F8-86A8-27A3D9857504}.Debug|Any CPU.Build.0 = Debug|Any CPU
		{5E6FB7A0-409C-46F8-86A8-27A3D9857504}.Release|Any CPU.ActiveCfg = Release|Any CPU
		{5E6FB7A0-409C-46F8-86A8-27A3D9857504}.Release|Any CPU.Build.0 = Release|Any CPU
		{E3FF92D6-5D1C-4CD1-B8CE-EE4D98CE6BFC}.Debug|Any CPU.ActiveCfg = Debug|Any CPU
		{E3FF92D6-5D1C-4CD1-B8CE-EE4D98CE6BFC}.Debug|Any CPU.Build.0 = Debug|Any CPU
		{E3FF92D6-5D1C-4CD1-B8CE-EE4D98CE6BFC}.Release|Any CPU.ActiveCfg = Release|Any CPU
		{E3FF92D6-5D1C-4CD1-B8CE-EE4D98CE6BFC}.Release|Any CPU.Build.0 = Release|Any CPU
	EndGlobalSection
	GlobalSection(SolutionProperties) = preSolution
		HideSolutionNode = FALSE
	EndGlobalSection
EndGlobal
