
Microsoft Visual Studio Solution File, Format Version 11.00
# Visual Studio 2010
Project("{FAE04EC0-301F-11D3-BF4B-00C04F79EFBC}") = "StaticStuff", "StaticStuff\StaticStuff.csproj", "{D879486E-C7D6-4A98-A4DF-E1F7CB3F1123}"
EndProject
Global
	GlobalSection(SolutionConfigurationPlatforms) = preSolution
		Debug|x86 = Debug|x86
		Release|x86 = Release|x86
	EndGlobalSection
	GlobalSection(ProjectConfigurationPlatforms) = postSolution
		{D879486E-C7D6-4A98-A4DF-E1F7CB3F1123}.Debug|x86.ActiveCfg = Debug|x86
		{D879486E-C7D6-4A98-A4DF-E1F7CB3F1123}.Debug|x86.Build.0 = Debug|x86
		{D879486E-C7D6-4A98-A4DF-E1F7CB3F1123}.Release|x86.ActiveCfg = Release|x86
		{D879486E-C7D6-4A98-A4DF-E1F7CB3F1123}.Release|x86.Build.0 = Release|x86
	EndGlobalSection
	GlobalSection(SolutionProperties) = preSolution
		HideSolutionNode = FALSE
	EndGlobalSection
EndGlobal
