
Microsoft Visual Studio Solution File, Format Version 10.00
# Visual Studio 2008
Project("{FAE04EC0-301F-11D3-BF4B-00C04F79EFBC}") = "NullableTest", "NullableTest\NullableTest.csproj", "{C07BFD5E-27C0-44EF-8DB2-2A007ECC874F}"
EndProject
Global
	GlobalSection(SolutionConfigurationPlatforms) = preSolution
		Debug|Any CPU = Debug|Any CPU
		Release|Any CPU = Release|Any CPU
	EndGlobalSection
	GlobalSection(ProjectConfigurationPlatforms) = postSolution
		{C07BFD5E-27C0-44EF-8DB2-2A007ECC874F}.Debug|Any CPU.ActiveCfg = Debug|Any CPU
		{C07BFD5E-27C0-44EF-8DB2-2A007ECC874F}.Debug|Any CPU.Build.0 = Debug|Any CPU
		{C07BFD5E-27C0-44EF-8DB2-2A007ECC874F}.Release|Any CPU.ActiveCfg = Release|Any CPU
		{C07BFD5E-27C0-44EF-8DB2-2A007ECC874F}.Release|Any CPU.Build.0 = Release|Any CPU
	EndGlobalSection
	GlobalSection(SolutionProperties) = preSolution
		HideSolutionNode = FALSE
	EndGlobalSection
EndGlobal
