
Microsoft Visual Studio Solution File, Format Version 10.00
# Visual Studio 2008
Project("{FAE04EC0-301F-11D3-BF4B-00C04F79EFBC}") = "StreamLabPage88", "StreamLabPage88\StreamLabPage88.csproj", "{65F350C4-F59F-402F-927E-26ED9439A50B}"
EndProject
Global
	GlobalSection(SolutionConfigurationPlatforms) = preSolution
		Debug|Any CPU = Debug|Any CPU
		Release|Any CPU = Release|Any CPU
	EndGlobalSection
	GlobalSection(ProjectConfigurationPlatforms) = postSolution
		{65F350C4-F59F-402F-927E-26ED9439A50B}.Debug|Any CPU.ActiveCfg = Debug|Any CPU
		{65F350C4-F59F-402F-927E-26ED9439A50B}.Debug|Any CPU.Build.0 = Debug|Any CPU
		{65F350C4-F59F-402F-927E-26ED9439A50B}.Release|Any CPU.ActiveCfg = Release|Any CPU
		{65F350C4-F59F-402F-927E-26ED9439A50B}.Release|Any CPU.Build.0 = Release|Any CPU
	EndGlobalSection
	GlobalSection(SolutionProperties) = preSolution
		HideSolutionNode = FALSE
	EndGlobalSection
EndGlobal
