
Microsoft Visual Studio Solution File, Format Version 10.00
# Visual Studio 2008
Project("{FAE04EC0-301F-11D3-BF4B-00C04F79EFBC}") = "SortString", "SortString\SortString.csproj", "{174C0CE6-5CF3-4E68-85F2-CE00EE716CAB}"
EndProject
Global
	GlobalSection(SolutionConfigurationPlatforms) = preSolution
		Debug|Any CPU = Debug|Any CPU
		Release|Any CPU = Release|Any CPU
	EndGlobalSection
	GlobalSection(ProjectConfigurationPlatforms) = postSolution
		{174C0CE6-5CF3-4E68-85F2-CE00EE716CAB}.Debug|Any CPU.ActiveCfg = Debug|Any CPU
		{174C0CE6-5CF3-4E68-85F2-CE00EE716CAB}.Debug|Any CPU.Build.0 = Debug|Any CPU
		{174C0CE6-5CF3-4E68-85F2-CE00EE716CAB}.Release|Any CPU.ActiveCfg = Release|Any CPU
		{174C0CE6-5CF3-4E68-85F2-CE00EE716CAB}.Release|Any CPU.Build.0 = Release|Any CPU
	EndGlobalSection
	GlobalSection(SolutionProperties) = preSolution
		HideSolutionNode = FALSE
	EndGlobalSection
EndGlobal
