
Microsoft Visual Studio Solution File, Format Version 10.00
# Visual Studio 2008
Project("{FAE04EC0-301F-11D3-BF4B-00C04F79EFBC}") = "DictionaryClasses", "DictionaryClasses\DictionaryClasses.csproj", "{42B1D520-0845-4676-9F23-ECB2A0314AB1}"
EndProject
Global
	GlobalSection(SolutionConfigurationPlatforms) = preSolution
		Debug|Any CPU = Debug|Any CPU
		Release|Any CPU = Release|Any CPU
	EndGlobalSection
	GlobalSection(ProjectConfigurationPlatforms) = postSolution
		{42B1D520-0845-4676-9F23-ECB2A0314AB1}.Debug|Any CPU.ActiveCfg = Debug|Any CPU
		{42B1D520-0845-4676-9F23-ECB2A0314AB1}.Debug|Any CPU.Build.0 = Debug|Any CPU
		{42B1D520-0845-4676-9F23-ECB2A0314AB1}.Release|Any CPU.ActiveCfg = Release|Any CPU
		{42B1D520-0845-4676-9F23-ECB2A0314AB1}.Release|Any CPU.Build.0 = Release|Any CPU
	EndGlobalSection
	GlobalSection(SolutionProperties) = preSolution
		HideSolutionNode = FALSE
	EndGlobalSection
EndGlobal
