
Microsoft Visual Studio Solution File, Format Version 10.00
# Visual Studio 2008
Project("{FAE04EC0-301F-11D3-BF4B-00C04F79EFBC}") = "ThreadpoolIntro", "ThreadpoolIntro\ThreadpoolIntro.csproj", "{22B03882-EE3F-4934-B67A-06FE3044F098}"
EndProject
Global
	GlobalSection(SolutionConfigurationPlatforms) = preSolution
		Debug|Any CPU = Debug|Any CPU
		Release|Any CPU = Release|Any CPU
	EndGlobalSection
	GlobalSection(ProjectConfigurationPlatforms) = postSolution
		{22B03882-EE3F-4934-B67A-06FE3044F098}.Debug|Any CPU.ActiveCfg = Debug|Any CPU
		{22B03882-EE3F-4934-B67A-06FE3044F098}.Debug|Any CPU.Build.0 = Debug|Any CPU
		{22B03882-EE3F-4934-B67A-06FE3044F098}.Release|Any CPU.ActiveCfg = Release|Any CPU
		{22B03882-EE3F-4934-B67A-06FE3044F098}.Release|Any CPU.Build.0 = Release|Any CPU
	EndGlobalSection
	GlobalSection(SolutionProperties) = preSolution
		HideSolutionNode = FALSE
	EndGlobalSection
EndGlobal
