
Microsoft Visual Studio Solution File, Format Version 11.00
# Visual Studio 2010
Project("{FAE04EC0-301F-11D3-BF4B-00C04F79EFBC}") = "ParamsTest", "ParamsTest\ParamsTest.csproj", "{3E8389BD-5DA7-49C1-A777-0207EE8036F8}"
EndProject
Global
	GlobalSection(SolutionConfigurationPlatforms) = preSolution
		Debug|x86 = Debug|x86
		Release|x86 = Release|x86
	EndGlobalSection
	GlobalSection(ProjectConfigurationPlatforms) = postSolution
		{3E8389BD-5DA7-49C1-A777-0207EE8036F8}.Debug|x86.ActiveCfg = Debug|x86
		{3E8389BD-5DA7-49C1-A777-0207EE8036F8}.Debug|x86.Build.0 = Debug|x86
		{3E8389BD-5DA7-49C1-A777-0207EE8036F8}.Release|x86.ActiveCfg = Release|x86
		{3E8389BD-5DA7-49C1-A777-0207EE8036F8}.Release|x86.Build.0 = Release|x86
	EndGlobalSection
	GlobalSection(SolutionProperties) = preSolution
		HideSolutionNode = FALSE
	EndGlobalSection
EndGlobal
