
Microsoft Visual Studio Solution File, Format Version 10.00
# Visual Studio 2008
Project("{FAE04EC0-301F-11D3-BF4B-00C04F79EFBC}") = "IdentityTesting", "IdentityTesting\IdentityTesting.csproj", "{93E92BCD-AA92-4B77-B1D7-6D9216FBBAF6}"
EndProject
Global
	GlobalSection(SolutionConfigurationPlatforms) = preSolution
		Debug|Any CPU = Debug|Any CPU
		Release|Any CPU = Release|Any CPU
	EndGlobalSection
	GlobalSection(ProjectConfigurationPlatforms) = postSolution
		{93E92BCD-AA92-4B77-B1D7-6D9216FBBAF6}.Debug|Any CPU.ActiveCfg = Debug|Any CPU
		{93E92BCD-AA92-4B77-B1D7-6D9216FBBAF6}.Debug|Any CPU.Build.0 = Debug|Any CPU
		{93E92BCD-AA92-4B77-B1D7-6D9216FBBAF6}.Release|Any CPU.ActiveCfg = Release|Any CPU
		{93E92BCD-AA92-4B77-B1D7-6D9216FBBAF6}.Release|Any CPU.Build.0 = Release|Any CPU
	EndGlobalSection
	GlobalSection(SolutionProperties) = preSolution
		HideSolutionNode = FALSE
	EndGlobalSection
EndGlobal
