
Microsoft Visual Studio Solution File, Format Version 11.00
# Visual Studio 2010
Project("{FAE04EC0-301F-11D3-BF4B-00C04F79EFBC}") = "SecurityManager Mucking About", "SecurityManager Mucking About\SecurityManager Mucking About.csproj", "{A0079C09-135D-4184-A8A3-CF1C06F0AA73}"
EndProject
Global
	GlobalSection(SolutionConfigurationPlatforms) = preSolution
		Debug|x86 = Debug|x86
		Release|x86 = Release|x86
	EndGlobalSection
	GlobalSection(ProjectConfigurationPlatforms) = postSolution
		{A0079C09-135D-4184-A8A3-CF1C06F0AA73}.Debug|x86.ActiveCfg = Debug|x86
		{A0079C09-135D-4184-A8A3-CF1C06F0AA73}.Debug|x86.Build.0 = Debug|x86
		{A0079C09-135D-4184-A8A3-CF1C06F0AA73}.Release|x86.ActiveCfg = Release|x86
		{A0079C09-135D-4184-A8A3-CF1C06F0AA73}.Release|x86.Build.0 = Release|x86
	EndGlobalSection
	GlobalSection(SolutionProperties) = preSolution
		HideSolutionNode = FALSE
	EndGlobalSection
EndGlobal
