
Microsoft Visual Studio Solution File, Format Version 11.00
# Visual Studio 2010
Project("{FAE04EC0-301F-11D3-BF4B-00C04F79EFBC}") = "DigicelSoapExtensionTesting", "DigicelSoapExtensionTesting\DigicelSoapExtensionTesting.csproj", "{95124A30-1C54-46CF-A484-F544BD459CFD}"
EndProject
Global
	GlobalSection(SolutionConfigurationPlatforms) = preSolution
		Debug|x86 = Debug|x86
		Release|x86 = Release|x86
	EndGlobalSection
	GlobalSection(ProjectConfigurationPlatforms) = postSolution
		{95124A30-1C54-46CF-A484-F544BD459CFD}.Debug|x86.ActiveCfg = Debug|x86
		{95124A30-1C54-46CF-A484-F544BD459CFD}.Debug|x86.Build.0 = Debug|x86
		{95124A30-1C54-46CF-A484-F544BD459CFD}.Release|x86.ActiveCfg = Release|x86
		{95124A30-1C54-46CF-A484-F544BD459CFD}.Release|x86.Build.0 = Release|x86
	EndGlobalSection
	GlobalSection(SolutionProperties) = preSolution
		HideSolutionNode = FALSE
	EndGlobalSection
EndGlobal
