
Microsoft Visual Studio Solution File, Format Version 10.00
# Visual Studio 2008
Project("{FAE04EC0-301F-11D3-BF4B-00C04F79EFBC}") = "MonitorWebSite", "MonitorWebSite\MonitorWebSite.csproj", "{97536A37-441C-40EB-8A30-DD99468041AB}"
EndProject
Project("{54435603-DBB4-11D2-8724-00A0C9A8B90C}") = "MonitorWebsiteServiceSetup", "MonitorWebsiteServiceSetup\MonitorWebsiteServiceSetup.vdproj", "{33AE32CD-E454-444A-B8CF-98D3A9859786}"
EndProject
Global
	GlobalSection(SolutionConfigurationPlatforms) = preSolution
		Debug|Any CPU = Debug|Any CPU
		Release|Any CPU = Release|Any CPU
	EndGlobalSection
	GlobalSection(ProjectConfigurationPlatforms) = postSolution
		{97536A37-441C-40EB-8A30-DD99468041AB}.Debug|Any CPU.ActiveCfg = Debug|Any CPU
		{97536A37-441C-40EB-8A30-DD99468041AB}.Debug|Any CPU.Build.0 = Debug|Any CPU
		{97536A37-441C-40EB-8A30-DD99468041AB}.Release|Any CPU.ActiveCfg = Release|Any CPU
		{97536A37-441C-40EB-8A30-DD99468041AB}.Release|Any CPU.Build.0 = Release|Any CPU
		{33AE32CD-E454-444A-B8CF-98D3A9859786}.Debug|Any CPU.ActiveCfg = Debug
		{33AE32CD-E454-444A-B8CF-98D3A9859786}.Release|Any CPU.ActiveCfg = Release
	EndGlobalSection
	GlobalSection(SolutionProperties) = preSolution
		HideSolutionNode = FALSE
	EndGlobalSection
EndGlobal
